
Microsoft Visual Studio Solution File, Format Version 12.00
# Visual Studio 14
VisualStudioVersion = 14.0.25420.1
MinimumVisualStudioVersion = 10.0.40219.1
Project("{00D1A9C2-B5F0-4AF3-8072-F6C62B433612}") = "ClayDb", "ClayDb\ClayDb.sqlproj", "{834F6144-8734-4AD0-BAA6-EC78B7724884}"
EndProject
Project("{FAE04EC0-301F-11D3-BF4B-00C04F79EFBC}") = "ClayPr2", "ClayPr2\ClayPr2.csproj", "{3AA71249-0F19-45B6-84C3-7DF6582A7D93}"
EndProject
Global
	GlobalSection(SolutionConfigurationPlatforms) = preSolution
		Debug|Any CPU = Debug|Any CPU
		Release|Any CPU = Release|Any CPU
	EndGlobalSection
	GlobalSection(ProjectConfigurationPlatforms) = postSolution
		{834F6144-8734-4AD0-BAA6-EC78B7724884}.Debug|Any CPU.ActiveCfg = Debug|Any CPU
		{834F6144-8734-4AD0-BAA6-EC78B7724884}.Debug|Any CPU.Build.0 = Debug|Any CPU
		{834F6144-8734-4AD0-BAA6-EC78B7724884}.Debug|Any CPU.Deploy.0 = Debug|Any CPU
		{834F6144-8734-4AD0-BAA6-EC78B7724884}.Release|Any CPU.ActiveCfg = Release|Any CPU
		{834F6144-8734-4AD0-BAA6-EC78B7724884}.Release|Any CPU.Build.0 = Release|Any CPU
		{834F6144-8734-4AD0-BAA6-EC78B7724884}.Release|Any CPU.Deploy.0 = Release|Any CPU
		{3AA71249-0F19-45B6-84C3-7DF6582A7D93}.Debug|Any CPU.ActiveCfg = Debug|Any CPU
		{3AA71249-0F19-45B6-84C3-7DF6582A7D93}.Debug|Any CPU.Build.0 = Debug|Any CPU
		{3AA71249-0F19-45B6-84C3-7DF6582A7D93}.Release|Any CPU.ActiveCfg = Release|Any CPU
		{3AA71249-0F19-45B6-84C3-7DF6582A7D93}.Release|Any CPU.Build.0 = Release|Any CPU
	EndGlobalSection
	GlobalSection(SolutionProperties) = preSolution
		HideSolutionNode = FALSE
	EndGlobalSection
EndGlobal
